// !$*UTF8*$!
{
	archiveVersion = 1;
	classes = {
	};
	objectVersion = 48;
	objects = {

/* Begin PBXBuildFile section */
		1A06A526447E1A768E19E305 /* Pods_Smack.framework in Frameworks */ = {isa = PBXBuildFile; fileRef = 5733391C0E2830C154976579 /* Pods_Smack.framework */; };
		564395401FB08B1C00BA0CD7 /* AppDelegate.swift in Sources */ = {isa = PBXBuildFile; fileRef = 5643953F1FB08B1C00BA0CD7 /* AppDelegate.swift */; };
		564395451FB08B1C00BA0CD7 /* Main.storyboard in Resources */ = {isa = PBXBuildFile; fileRef = 564395431FB08B1C00BA0CD7 /* Main.storyboard */; };
		564395471FB08B1C00BA0CD7 /* Assets.xcassets in Resources */ = {isa = PBXBuildFile; fileRef = 564395461FB08B1C00BA0CD7 /* Assets.xcassets */; };
		5643954A1FB08B1C00BA0CD7 /* LaunchScreen.storyboard in Resources */ = {isa = PBXBuildFile; fileRef = 564395481FB08B1C00BA0CD7 /* LaunchScreen.storyboard */; };
		564E42561FB0B80000285DD4 /* SWRevealViewController.m in Sources */ = {isa = PBXBuildFile; fileRef = 564E42541FB0B80000285DD4 /* SWRevealViewController.m */; };
		5666E3021FB979E2004F2711 /* AuthService.swift in Sources */ = {isa = PBXBuildFile; fileRef = 5666E3011FB979E2004F2711 /* AuthService.swift */; };
		5666E3041FB9BEC5004F2711 /* RoundedButton.swift in Sources */ = {isa = PBXBuildFile; fileRef = 5666E3031FB9BEC5004F2711 /* RoundedButton.swift */; };
		5666E3061FBB1A83004F2711 /* UserDataService.swift in Sources */ = {isa = PBXBuildFile; fileRef = 5666E3051FBB1A83004F2711 /* UserDataService.swift */; };
		5666E3081FBB4915004F2711 /* AvatarPickerVC.swift in Sources */ = {isa = PBXBuildFile; fileRef = 5666E3071FBB4915004F2711 /* AvatarPickerVC.swift */; };
		5666E30A1FBB4B51004F2711 /* AvatarCell.swift in Sources */ = {isa = PBXBuildFile; fileRef = 5666E3091FBB4B51004F2711 /* AvatarCell.swift */; };
		5666E30C1FBB63C1004F2711 /* CircleImage.swift in Sources */ = {isa = PBXBuildFile; fileRef = 5666E30B1FBB63C1004F2711 /* CircleImage.swift */; };
		56A8D3721FB4419600ED7720 /* ChatVC.swift in Sources */ = {isa = PBXBuildFile; fileRef = 56A8D3711FB4419600ED7720 /* ChatVC.swift */; };
		56A8D3741FB441A500ED7720 /* ChannelVC.swift in Sources */ = {isa = PBXBuildFile; fileRef = 56A8D3731FB441A500ED7720 /* ChannelVC.swift */; };
		56A8D3761FB4510200ED7720 /* GradientView.swift in Sources */ = {isa = PBXBuildFile; fileRef = 56A8D3751FB4510200ED7720 /* GradientView.swift */; };
		56A8D3791FB4785C00ED7720 /* Constants.swift in Sources */ = {isa = PBXBuildFile; fileRef = 56A8D3781FB4785C00ED7720 /* Constants.swift */; };
		56A8D37B1FB47D5800ED7720 /* LoginVC.swift in Sources */ = {isa = PBXBuildFile; fileRef = 56A8D37A1FB47D5800ED7720 /* LoginVC.swift */; };
		56A8D37D1FB4824D00ED7720 /* CreateAccountVC.swift in Sources */ = {isa = PBXBuildFile; fileRef = 56A8D37C1FB4824D00ED7720 /* CreateAccountVC.swift */; };
/* End PBXBuildFile section */

/* Begin PBXFileReference section */
		5643953C1FB08B1C00BA0CD7 /* Smack.app */ = {isa = PBXFileReference; explicitFileType = wrapper.application; includeInIndex = 0; path = Smack.app; sourceTree = BUILT_PRODUCTS_DIR; };
		5643953F1FB08B1C00BA0CD7 /* AppDelegate.swift */ = {isa = PBXFileReference; lastKnownFileType = sourcecode.swift; path = AppDelegate.swift; sourceTree = "<group>"; };
		564395441FB08B1C00BA0CD7 /* Base */ = {isa = PBXFileReference; lastKnownFileType = file.storyboard; name = Base; path = Base.lproj/Main.storyboard; sourceTree = "<group>"; };
		564395461FB08B1C00BA0CD7 /* Assets.xcassets */ = {isa = PBXFileReference; lastKnownFileType = folder.assetcatalog; path = Assets.xcassets; sourceTree = "<group>"; };
		564395491FB08B1C00BA0CD7 /* Base */ = {isa = PBXFileReference; lastKnownFileType = file.storyboard; name = Base; path = Base.lproj/LaunchScreen.storyboard; sourceTree = "<group>"; };
		5643954B1FB08B1C00BA0CD7 /* Info.plist */ = {isa = PBXFileReference; lastKnownFileType = text.plist.xml; path = Info.plist; sourceTree = "<group>"; };
		564E42531FB0B7FF00285DD4 /* Smack-Bridging-Header.h */ = {isa = PBXFileReference; lastKnownFileType = sourcecode.c.h; path = "Smack-Bridging-Header.h"; sourceTree = "<group>"; };
		564E42541FB0B80000285DD4 /* SWRevealViewController.m */ = {isa = PBXFileReference; fileEncoding = 4; lastKnownFileType = sourcecode.c.objc; path = SWRevealViewController.m; sourceTree = "<group>"; };
		564E42551FB0B80000285DD4 /* SWRevealViewController.h */ = {isa = PBXFileReference; fileEncoding = 4; lastKnownFileType = sourcecode.c.h; path = SWRevealViewController.h; sourceTree = "<group>"; };
		5666E3011FB979E2004F2711 /* AuthService.swift */ = {isa = PBXFileReference; lastKnownFileType = sourcecode.swift; path = AuthService.swift; sourceTree = "<group>"; };
		5666E3031FB9BEC5004F2711 /* RoundedButton.swift */ = {isa = PBXFileReference; lastKnownFileType = sourcecode.swift; path = RoundedButton.swift; sourceTree = "<group>"; };
		5666E3051FBB1A83004F2711 /* UserDataService.swift */ = {isa = PBXFileReference; lastKnownFileType = sourcecode.swift; path = UserDataService.swift; sourceTree = "<group>"; };
		5666E3071FBB4915004F2711 /* AvatarPickerVC.swift */ = {isa = PBXFileReference; lastKnownFileType = sourcecode.swift; path = AvatarPickerVC.swift; sourceTree = "<group>"; };
		5666E3091FBB4B51004F2711 /* AvatarCell.swift */ = {isa = PBXFileReference; lastKnownFileType = sourcecode.swift; path = AvatarCell.swift; sourceTree = "<group>"; };
		5666E30B1FBB63C1004F2711 /* CircleImage.swift */ = {isa = PBXFileReference; lastKnownFileType = sourcecode.swift; path = CircleImage.swift; sourceTree = "<group>"; };
		56A8D3711FB4419600ED7720 /* ChatVC.swift */ = {isa = PBXFileReference; lastKnownFileType = sourcecode.swift; path = ChatVC.swift; sourceTree = "<group>"; };
		56A8D3731FB441A500ED7720 /* ChannelVC.swift */ = {isa = PBXFileReference; lastKnownFileType = sourcecode.swift; path = ChannelVC.swift; sourceTree = "<group>"; };
		56A8D3751FB4510200ED7720 /* GradientView.swift */ = {isa = PBXFileReference; lastKnownFileType = sourcecode.swift; path = GradientView.swift; sourceTree = "<group>"; };
		56A8D3781FB4785C00ED7720 /* Constants.swift */ = {isa = PBXFileReference; lastKnownFileType = sourcecode.swift; path = Constants.swift; sourceTree = "<group>"; };
		56A8D37A1FB47D5800ED7720 /* LoginVC.swift */ = {isa = PBXFileReference; lastKnownFileType = sourcecode.swift; path = LoginVC.swift; sourceTree = "<group>"; };
		56A8D37C1FB4824D00ED7720 /* CreateAccountVC.swift */ = {isa = PBXFileReference; lastKnownFileType = sourcecode.swift; path = CreateAccountVC.swift; sourceTree = "<group>"; };
		5733391C0E2830C154976579 /* Pods_Smack.framework */ = {isa = PBXFileReference; explicitFileType = wrapper.framework; includeInIndex = 0; path = Pods_Smack.framework; sourceTree = BUILT_PRODUCTS_DIR; };
		CC9355E8E0C90EB40AAC105A /* Pods-Smack.debug.xcconfig */ = {isa = PBXFileReference; includeInIndex = 1; lastKnownFileType = text.xcconfig; name = "Pods-Smack.debug.xcconfig"; path = "Pods/Target Support Files/Pods-Smack/Pods-Smack.debug.xcconfig"; sourceTree = "<group>"; };
		D21C02BB2BCA0FCC783A9D41 /* Pods-Smack.release.xcconfig */ = {isa = PBXFileReference; includeInIndex = 1; lastKnownFileType = text.xcconfig; name = "Pods-Smack.release.xcconfig"; path = "Pods/Target Support Files/Pods-Smack/Pods-Smack.release.xcconfig"; sourceTree = "<group>"; };
/* End PBXFileReference section */

/* Begin PBXFrameworksBuildPhase section */
		564395391FB08B1C00BA0CD7 /* Frameworks */ = {
			isa = PBXFrameworksBuildPhase;
			buildActionMask = 2147483647;
			files = (
				1A06A526447E1A768E19E305 /* Pods_Smack.framework in Frameworks */,
			);
			runOnlyForDeploymentPostprocessing = 0;
		};
/* End PBXFrameworksBuildPhase section */

/* Begin PBXGroup section */
		5575C4995D9C16FB3215CC67 /* Frameworks */ = {
			isa = PBXGroup;
			children = (
				5733391C0E2830C154976579 /* Pods_Smack.framework */,
			);
			name = Frameworks;
			sourceTree = "<group>";
		};
		564395331FB08B1C00BA0CD7 = {
			isa = PBXGroup;
			children = (
				5643953E1FB08B1C00BA0CD7 /* Smack */,
				5643953D1FB08B1C00BA0CD7 /* Products */,
				5CDDE83C9AFBADCA78F05168 /* Pods */,
				5575C4995D9C16FB3215CC67 /* Frameworks */,
			);
			sourceTree = "<group>";
		};
		5643953D1FB08B1C00BA0CD7 /* Products */ = {
			isa = PBXGroup;
			children = (
				5643953C1FB08B1C00BA0CD7 /* Smack.app */,
			);
			name = Products;
			sourceTree = "<group>";
		};
		5643953E1FB08B1C00BA0CD7 /* Smack */ = {
			isa = PBXGroup;
			children = (
				5666E3001FB97998004F2711 /* Services */,
				56A8D3771FB4782100ED7720 /* Utilities */,
				56A8D3701FB4414900ED7720 /* Model */,
				56A8D36F1FB4414300ED7720 /* View */,
				56A8D36E1FB4413700ED7720 /* Controller */,
				564E42521FB0B7CF00285DD4 /* Supporting Files */,
				5643953F1FB08B1C00BA0CD7 /* AppDelegate.swift */,
				564395431FB08B1C00BA0CD7 /* Main.storyboard */,
				564395461FB08B1C00BA0CD7 /* Assets.xcassets */,
				564395481FB08B1C00BA0CD7 /* LaunchScreen.storyboard */,
				5643954B1FB08B1C00BA0CD7 /* Info.plist */,
			);
			path = Smack;
			sourceTree = "<group>";
		};
		564E42521FB0B7CF00285DD4 /* Supporting Files */ = {
			isa = PBXGroup;
			children = (
				564E42551FB0B80000285DD4 /* SWRevealViewController.h */,
				564E42541FB0B80000285DD4 /* SWRevealViewController.m */,
				564E42531FB0B7FF00285DD4 /* Smack-Bridging-Header.h */,
			);
			path = "Supporting Files";
			sourceTree = "<group>";
		};
		5666E3001FB97998004F2711 /* Services */ = {
			isa = PBXGroup;
			children = (
				5666E3011FB979E2004F2711 /* AuthService.swift */,
				5666E3051FBB1A83004F2711 /* UserDataService.swift */,
			);
			path = Services;
			sourceTree = "<group>";
		};
		56A8D36E1FB4413700ED7720 /* Controller */ = {
			isa = PBXGroup;
			children = (
				56A8D3711FB4419600ED7720 /* ChatVC.swift */,
				56A8D3731FB441A500ED7720 /* ChannelVC.swift */,
				56A8D37A1FB47D5800ED7720 /* LoginVC.swift */,
				56A8D37C1FB4824D00ED7720 /* CreateAccountVC.swift */,
				5666E3071FBB4915004F2711 /* AvatarPickerVC.swift */,
			);
			path = Controller;
			sourceTree = "<group>";
		};
		56A8D36F1FB4414300ED7720 /* View */ = {
			isa = PBXGroup;
			children = (
				56A8D3751FB4510200ED7720 /* GradientView.swift */,
				5666E3031FB9BEC5004F2711 /* RoundedButton.swift */,
				5666E3091FBB4B51004F2711 /* AvatarCell.swift */,
				5666E30B1FBB63C1004F2711 /* CircleImage.swift */,
			);
			path = View;
			sourceTree = "<group>";
		};
		56A8D3701FB4414900ED7720 /* Model */ = {
			isa = PBXGroup;
			children = (
			);
			path = Model;
			sourceTree = "<group>";
		};
		56A8D3771FB4782100ED7720 /* Utilities */ = {
			isa = PBXGroup;
			children = (
				56A8D3781FB4785C00ED7720 /* Constants.swift */,
			);
			path = Utilities;
			sourceTree = "<group>";
		};
		5CDDE83C9AFBADCA78F05168 /* Pods */ = {
			isa = PBXGroup;
			children = (
				CC9355E8E0C90EB40AAC105A /* Pods-Smack.debug.xcconfig */,
				D21C02BB2BCA0FCC783A9D41 /* Pods-Smack.release.xcconfig */,
			);
			name = Pods;
			sourceTree = "<group>";
		};
/* End PBXGroup section */

/* Begin PBXNativeTarget section */
		5643953B1FB08B1C00BA0CD7 /* Smack */ = {
			isa = PBXNativeTarget;
			buildConfigurationList = 5643954E1FB08B1C00BA0CD7 /* Build configuration list for PBXNativeTarget "Smack" */;
			buildPhases = (
				583FFB9CA284E1FB6A4D2E82 /* [CP] Check Pods Manifest.lock */,
				564395381FB08B1C00BA0CD7 /* Sources */,
				564395391FB08B1C00BA0CD7 /* Frameworks */,
				5643953A1FB08B1C00BA0CD7 /* Resources */,
				65F0F3E337A0552635F9B09B /* [CP] Embed Pods Frameworks */,
				1B3A8A40EBB826B715FB3CE0 /* [CP] Copy Pods Resources */,
			);
			buildRules = (
			);
			dependencies = (
			);
			name = Smack;
			productName = Smack;
			productReference = 5643953C1FB08B1C00BA0CD7 /* Smack.app */;
			productType = "com.apple.product-type.application";
		};
/* End PBXNativeTarget section */

/* Begin PBXProject section */
		564395341FB08B1C00BA0CD7 /* Project object */ = {
			isa = PBXProject;
			attributes = {
				LastSwiftUpdateCheck = 0910;
				LastUpgradeCheck = 0910;
				ORGANIZATIONNAME = "Sergiy Sachuk";
				TargetAttributes = {
					5643953B1FB08B1C00BA0CD7 = {
						CreatedOnToolsVersion = 9.1;
						LastSwiftMigration = 0910;
						ProvisioningStyle = Automatic;
					};
				};
			};
			buildConfigurationList = 564395371FB08B1C00BA0CD7 /* Build configuration list for PBXProject "Smack" */;
			compatibilityVersion = "Xcode 8.0";
			developmentRegion = en;
			hasScannedForEncodings = 0;
			knownRegions = (
				en,
				Base,
			);
			mainGroup = 564395331FB08B1C00BA0CD7;
			productRefGroup = 5643953D1FB08B1C00BA0CD7 /* Products */;
			projectDirPath = "";
			projectRoot = "";
			targets = (
				5643953B1FB08B1C00BA0CD7 /* Smack */,
			);
		};
/* End PBXProject section */

/* Begin PBXResourcesBuildPhase section */
		5643953A1FB08B1C00BA0CD7 /* Resources */ = {
			isa = PBXResourcesBuildPhase;
			buildActionMask = 2147483647;
			files = (
				5643954A1FB08B1C00BA0CD7 /* LaunchScreen.storyboard in Resources */,
				564395471FB08B1C00BA0CD7 /* Assets.xcassets in Resources */,
				564395451FB08B1C00BA0CD7 /* Main.storyboard in Resources */,
			);
			runOnlyForDeploymentPostprocessing = 0;
		};
/* End PBXResourcesBuildPhase section */

/* Begin PBXShellScriptBuildPhase section */
		1B3A8A40EBB826B715FB3CE0 /* [CP] Copy Pods Resources */ = {
			isa = PBXShellScriptBuildPhase;
			buildActionMask = 2147483647;
			files = (
			);
			inputPaths = (
			);
			name = "[CP] Copy Pods Resources";
			outputPaths = (
			);
			runOnlyForDeploymentPostprocessing = 0;
			shellPath = /bin/sh;
			shellScript = "\"${SRCROOT}/Pods/Target Support Files/Pods-Smack/Pods-Smack-resources.sh\"\n";
			showEnvVarsInLog = 0;
		};
		583FFB9CA284E1FB6A4D2E82 /* [CP] Check Pods Manifest.lock */ = {
			isa = PBXShellScriptBuildPhase;
			buildActionMask = 2147483647;
			files = (
			);
			inputPaths = (
			);
			name = "[CP] Check Pods Manifest.lock";
			outputPaths = (
			);
			runOnlyForDeploymentPostprocessing = 0;
			shellPath = /bin/sh;
			shellScript = "diff \"${PODS_ROOT}/../Podfile.lock\" \"${PODS_ROOT}/Manifest.lock\" > /dev/null\nif [ $? != 0 ] ; then\n    # print error to STDERR\n    echo \"error: The sandbox is not in sync with the Podfile.lock. Run 'pod install' or update your CocoaPods installation.\" >&2\n    exit 1\nfi\n";
			showEnvVarsInLog = 0;
		};
		65F0F3E337A0552635F9B09B /* [CP] Embed Pods Frameworks */ = {
			isa = PBXShellScriptBuildPhase;
			buildActionMask = 2147483647;
			files = (
			);
			inputPaths = (
			);
			name = "[CP] Embed Pods Frameworks";
			outputPaths = (
			);
			runOnlyForDeploymentPostprocessing = 0;
			shellPath = /bin/sh;
			shellScript = "\"${SRCROOT}/Pods/Target Support Files/Pods-Smack/Pods-Smack-frameworks.sh\"\n";
			showEnvVarsInLog = 0;
		};
/* End PBXShellScriptBuildPhase section */

/* Begin PBXSourcesBuildPhase section */
		564395381FB08B1C00BA0CD7 /* Sources */ = {
			isa = PBXSourcesBuildPhase;
			buildActionMask = 2147483647;
			files = (
				56A8D3741FB441A500ED7720 /* ChannelVC.swift in Sources */,
				5666E3081FBB4915004F2711 /* AvatarPickerVC.swift in Sources */,
				5666E3041FB9BEC5004F2711 /* RoundedButton.swift in Sources */,
				5666E30C1FBB63C1004F2711 /* CircleImage.swift in Sources */,
				56A8D3721FB4419600ED7720 /* ChatVC.swift in Sources */,
				5666E3061FBB1A83004F2711 /* UserDataService.swift in Sources */,
				56A8D37D1FB4824D00ED7720 /* CreateAccountVC.swift in Sources */,
				5666E3021FB979E2004F2711 /* AuthService.swift in Sources */,
				56A8D37B1FB47D5800ED7720 /* LoginVC.swift in Sources */,
				56A8D3761FB4510200ED7720 /* GradientView.swift in Sources */,
				5666E30A1FBB4B51004F2711 /* AvatarCell.swift in Sources */,
				564395401FB08B1C00BA0CD7 /* AppDelegate.swift in Sources */,
				564E42561FB0B80000285DD4 /* SWRevealViewController.m in Sources */,
				56A8D3791FB4785C00ED7720 /* Constants.swift in Sources */,
			);
			runOnlyForDeploymentPostprocessing = 0;
		};
/* End PBXSourcesBuildPhase section */

/* Begin PBXVariantGroup section */
		564395431FB08B1C00BA0CD7 /* Main.storyboard */ = {
			isa = PBXVariantGroup;
			children = (
				564395441FB08B1C00BA0CD7 /* Base */,
			);
			name = Main.storyboard;
			sourceTree = "<group>";
		};
		564395481FB08B1C00BA0CD7 /* LaunchScreen.storyboard */ = {
			isa = PBXVariantGroup;
			children = (
				564395491FB08B1C00BA0CD7 /* Base */,
			);
			name = LaunchScreen.storyboard;
			sourceTree = "<group>";
		};
/* End PBXVariantGroup section */

/* Begin XCBuildConfiguration section */
		5643954C1FB08B1C00BA0CD7 /* Debug */ = {
			isa = XCBuildConfiguration;
			buildSettings = {
				ALWAYS_SEARCH_USER_PATHS = NO;
				CLANG_ANALYZER_NONNULL = YES;
				CLANG_ANALYZER_NUMBER_OBJECT_CONVERSION = YES_AGGRESSIVE;
				CLANG_CXX_LANGUAGE_STANDARD = "gnu++14";
				CLANG_CXX_LIBRARY = "libc++";
				CLANG_ENABLE_MODULES = YES;
				CLANG_ENABLE_OBJC_ARC = YES;
				CLANG_WARN_BLOCK_CAPTURE_AUTORELEASING = YES;
				CLANG_WARN_BOOL_CONVERSION = YES;
				CLANG_WARN_COMMA = YES;
				CLANG_WARN_CONSTANT_CONVERSION = YES;
				CLANG_WARN_DIRECT_OBJC_ISA_USAGE = YES_ERROR;
				CLANG_WARN_DOCUMENTATION_COMMENTS = YES;
				CLANG_WARN_EMPTY_BODY = YES;
				CLANG_WARN_ENUM_CONVERSION = YES;
				CLANG_WARN_INFINITE_RECURSION = YES;
				CLANG_WARN_INT_CONVERSION = YES;
				CLANG_WARN_NON_LITERAL_NULL_CONVERSION = YES;
				CLANG_WARN_OBJC_LITERAL_CONVERSION = YES;
				CLANG_WARN_OBJC_ROOT_CLASS = YES_ERROR;
				CLANG_WARN_RANGE_LOOP_ANALYSIS = YES;
				CLANG_WARN_STRICT_PROTOTYPES = YES;
				CLANG_WARN_SUSPICIOUS_MOVE = YES;
				CLANG_WARN_UNGUARDED_AVAILABILITY = YES_AGGRESSIVE;
				CLANG_WARN_UNREACHABLE_CODE = YES;
				CLANG_WARN__DUPLICATE_METHOD_MATCH = YES;
				CODE_SIGN_IDENTITY = "iPhone Developer";
				COPY_PHASE_STRIP = NO;
				DEBUG_INFORMATION_FORMAT = dwarf;
				ENABLE_STRICT_OBJC_MSGSEND = YES;
				ENABLE_TESTABILITY = YES;
				GCC_C_LANGUAGE_STANDARD = gnu11;
				GCC_DYNAMIC_NO_PIC = NO;
				GCC_NO_COMMON_BLOCKS = YES;
				GCC_OPTIMIZATION_LEVEL = 0;
				GCC_PREPROCESSOR_DEFINITIONS = (
					"DEBUG=1",
					"$(inherited)",
				);
				GCC_WARN_64_TO_32_BIT_CONVERSION = YES;
				GCC_WARN_ABOUT_RETURN_TYPE = YES_ERROR;
				GCC_WARN_UNDECLARED_SELECTOR = YES;
				GCC_WARN_UNINITIALIZED_AUTOS = YES_AGGRESSIVE;
				GCC_WARN_UNUSED_FUNCTION = YES;
				GCC_WARN_UNUSED_VARIABLE = YES;
				IPHONEOS_DEPLOYMENT_TARGET = 11.1;
				MTL_ENABLE_DEBUG_INFO = YES;
				ONLY_ACTIVE_ARCH = YES;
				SDKROOT = iphoneos;
				SWIFT_ACTIVE_COMPILATION_CONDITIONS = DEBUG;
				SWIFT_OPTIMIZATION_LEVEL = "-Onone";
			};
			name = Debug;
		};
		5643954D1FB08B1C00BA0CD7 /* Release */ = {
			isa = XCBuildConfiguration;
			buildSettings = {
				ALWAYS_SEARCH_USER_PATHS = NO;
				CLANG_ANALYZER_NONNULL = YES;
				CLANG_ANALYZER_NUMBER_OBJECT_CONVERSION = YES_AGGRESSIVE;
				CLANG_CXX_LANGUAGE_STANDARD = "gnu++14";
				CLANG_CXX_LIBRARY = "libc++";
				CLANG_ENABLE_MODULES = YES;
				CLANG_ENABLE_OBJC_ARC = YES;
				CLANG_WARN_BLOCK_CAPTURE_AUTORELEASING = YES;
				CLANG_WARN_BOOL_CONVERSION = YES;
				CLANG_WARN_COMMA = YES;
				CLANG_WARN_CONSTANT_CONVERSION = YES;
				CLANG_WARN_DIRECT_OBJC_ISA_USAGE = YES_ERROR;
				CLANG_WARN_DOCUMENTATION_COMMENTS = YES;
				CLANG_WARN_EMPTY_BODY = YES;
				CLANG_WARN_ENUM_CONVERSION = YES;
				CLANG_WARN_INFINITE_RECURSION = YES;
				CLANG_WARN_INT_CONVERSION = YES;
				CLANG_WARN_NON_LITERAL_NULL_CONVERSION = YES;
				CLANG_WARN_OBJC_LITERAL_CONVERSION = YES;
				CLANG_WARN_OBJC_ROOT_CLASS = YES_ERROR;
				CLANG_WARN_RANGE_LOOP_ANALYSIS = YES;
				CLANG_WARN_STRICT_PROTOTYPES = YES;
				CLANG_WARN_SUSPICIOUS_MOVE = YES;
				CLANG_WARN_UNGUARDED_AVAILABILITY = YES_AGGRESSIVE;
				CLANG_WARN_UNREACHABLE_CODE = YES;
				CLANG_WARN__DUPLICATE_METHOD_MATCH = YES;
				CODE_SIGN_IDENTITY = "iPhone Developer";
				COPY_PHASE_STRIP = NO;
				DEBUG_INFORMATION_FORMAT = "dwarf-with-dsym";
				ENABLE_NS_ASSERTIONS = NO;
				ENABLE_STRICT_OBJC_MSGSEND = YES;
				GCC_C_LANGUAGE_STANDARD = gnu11;
				GCC_NO_COMMON_BLOCKS = YES;
				GCC_WARN_64_TO_32_BIT_CONVERSION = YES;
				GCC_WARN_ABOUT_RETURN_TYPE = YES_ERROR;
				GCC_WARN_UNDECLARED_SELECTOR = YES;
				GCC_WARN_UNINITIALIZED_AUTOS = YES_AGGRESSIVE;
				GCC_WARN_UNUSED_FUNCTION = YES;
				GCC_WARN_UNUSED_VARIABLE = YES;
				IPHONEOS_DEPLOYMENT_TARGET = 11.1;
				MTL_ENABLE_DEBUG_INFO = NO;
				SDKROOT = iphoneos;
				SWIFT_OPTIMIZATION_LEVEL = "-Owholemodule";
				VALIDATE_PRODUCT = YES;
			};
			name = Release;
		};
		5643954F1FB08B1C00BA0CD7 /* Debug */ = {
			isa = XCBuildConfiguration;
			baseConfigurationReference = CC9355E8E0C90EB40AAC105A /* Pods-Smack.debug.xcconfig */;
			buildSettings = {
				ASSETCATALOG_COMPILER_APPICON_NAME = AppIcon;
				CLANG_ENABLE_MODULES = YES;
				CODE_SIGN_STYLE = Automatic;
				DEVELOPMENT_TEAM = 5RTAWRP7KM;
				INFOPLIST_FILE = Smack/Info.plist;
				LD_RUNPATH_SEARCH_PATHS = "$(inherited) @executable_path/Frameworks";
				PRODUCT_BUNDLE_IDENTIFIER = com.reybravin.Smack;
				PRODUCT_NAME = "$(TARGET_NAME)";
				SWIFT_OBJC_BRIDGING_HEADER = "Smack/Supporting Files/Smack-Bridging-Header.h";
				SWIFT_OPTIMIZATION_LEVEL = "-Onone";
				SWIFT_VERSION = 4.0;
				TARGETED_DEVICE_FAMILY = "1,2";
			};
			name = Debug;
		};
		564395501FB08B1C00BA0CD7 /* Release */ = {
			isa = XCBuildConfiguration;
			baseConfigurationReference = D21C02BB2BCA0FCC783A9D41 /* Pods-Smack.release.xcconfig */;
			buildSettings = {
				ASSETCATALOG_COMPILER_APPICON_NAME = AppIcon;
				CLANG_ENABLE_MODULES = YES;
				CODE_SIGN_STYLE = Automatic;
				DEVELOPMENT_TEAM = 5RTAWRP7KM;
				INFOPLIST_FILE = Smack/Info.plist;
				LD_RUNPATH_SEARCH_PATHS = "$(inherited) @executable_path/Frameworks";
				PRODUCT_BUNDLE_IDENTIFIER = com.reybravin.Smack;
				PRODUCT_NAME = "$(TARGET_NAME)";
				SWIFT_OBJC_BRIDGING_HEADER = "Smack/Supporting Files/Smack-Bridging-Header.h";
				SWIFT_VERSION = 4.0;
				TARGETED_DEVICE_FAMILY = "1,2";
			};
			name = Release;
		};
/* End XCBuildConfiguration section */

/* Begin XCConfigurationList section */
		564395371FB08B1C00BA0CD7 /* Build configuration list for PBXProject "Smack" */ = {
			isa = XCConfigurationList;
			buildConfigurations = (
				5643954C1FB08B1C00BA0CD7 /* Debug */,
				5643954D1FB08B1C00BA0CD7 /* Release */,
			);
			defaultConfigurationIsVisible = 0;
			defaultConfigurationName = Release;
		};
		5643954E1FB08B1C00BA0CD7 /* Build configuration list for PBXNativeTarget "Smack" */ = {
			isa = XCConfigurationList;
			buildConfigurations = (
				5643954F1FB08B1C00BA0CD7 /* Debug */,
				564395501FB08B1C00BA0CD7 /* Release */,
			);
			defaultConfigurationIsVisible = 0;
			defaultConfigurationName = Release;
		};
/* End XCConfigurationList section */
	};
	rootObject = 564395341FB08B1C00BA0CD7 /* Project object */;
}
